
Microsoft Visual Studio Solution File, Format Version 12.00
# Visual Studio Version 16
VisualStudioVersion = 16.0.30413.136
MinimumVisualStudioVersion = 10.0.40219.1
Project("{FAE04EC0-301F-11D3-BF4B-00C04F79EFBC}") = "TD1", "TD1.csproj", "{6B9CC669-0822-4357-AC8D-BFE12F526586}"
EndProject
Global
	GlobalSection(SolutionConfigurationPlatforms) = preSolution
		Debug|Any CPU = Debug|Any CPU
		Release|Any CPU = Release|Any CPU
	EndGlobalSection
	GlobalSection(ProjectConfigurationPlatforms) = postSolution
		{6B9CC669-0822-4357-AC8D-BFE12F526586}.Debug|Any CPU.ActiveCfg = Debug|Any CPU
		{6B9CC669-0822-4357-AC8D-BFE12F526586}.Debug|Any CPU.Build.0 = Debug|Any CPU
		{6B9CC669-0822-4357-AC8D-BFE12F526586}.Release|Any CPU.ActiveCfg = Release|Any CPU
		{6B9CC669-0822-4357-AC8D-BFE12F526586}.Release|Any CPU.Build.0 = Release|Any CPU
	EndGlobalSection
	GlobalSection(SolutionProperties) = preSolution
		HideSolutionNode = FALSE
	EndGlobalSection
	GlobalSection(ExtensibilityGlobals) = postSolution
		SolutionGuid = {55173F10-9562-412F-A345-DA51FBE21770}
	EndGlobalSection
EndGlobal
